
Microsoft Visual Studio Solution File, Format Version 12.00
# Visual Studio Version 16
VisualStudioVersion = 16.0.30621.155
MinimumVisualStudioVersion = 10.0.40219.1
Project("{FAE04EC0-301F-11D3-BF4B-00C04F79EFBC}") = "Inferno Api", "Inferno Api\Inferno Api.csproj", "{7136208C-B74F-46A2-9F89-9DACAD099836}"
EndProject
Global
	GlobalSection(SolutionConfigurationPlatforms) = preSolution
		Debug|Any CPU = Debug|Any CPU
		Release|Any CPU = Release|Any CPU
	EndGlobalSection
	GlobalSection(ProjectConfigurationPlatforms) = postSolution
		{7136208C-B74F-46A2-9F89-9DACAD099836}.Debug|Any CPU.ActiveCfg = Debug|Any CPU
		{7136208C-B74F-46A2-9F89-9DACAD099836}.Debug|Any CPU.Build.0 = Debug|Any CPU
		{7136208C-B74F-46A2-9F89-9DACAD099836}.Release|Any CPU.ActiveCfg = Release|Any CPU
		{7136208C-B74F-46A2-9F89-9DACAD099836}.Release|Any CPU.Build.0 = Release|Any CPU
	EndGlobalSection
	GlobalSection(SolutionProperties) = preSolution
		HideSolutionNode = FALSE
	EndGlobalSection
	GlobalSection(ExtensibilityGlobals) = postSolution
		SolutionGuid = {BCDC8D4E-384C-4818-BA8C-0BE1F6CB83ED}
	EndGlobalSection
EndGlobal
